
Microsoft Visual Studio Solution File, Format Version 12.00
# Visual Studio Version 17
VisualStudioVersion = 17.9.34714.143
MinimumVisualStudioVersion = 10.0.40219.1
Project("{9A19103F-16F7-4668-BE54-9A1E7A4F7556}") = "Gabriel.Cat.S.Binaris", "Gabriel.Cat.S.Binaris.csproj", "{AD860425-7318-4AC8-B551-456C2461AF3E}"
EndProject
Project("{9A19103F-16F7-4668-BE54-9A1E7A4F7556}") = "TestGabrielCatSBinaris", "TestGabrielCatSBinaris\TestGabrielCatSBinaris.csproj", "{972961E1-C237-44C9-849C-596E9238B83F}"
EndProject
Project("{9A19103F-16F7-4668-BE54-9A1E7A4F7556}") = "Gabriel.Cat.S.Seguretat", "..\Gabriel.Cat.S.Seguretat\Gabriel.Cat.S.Seguretat\Gabriel.Cat.S.Seguretat.csproj", "{364713EB-FC1A-4950-80B5-B986035D9C34}"
EndProject
Project("{9A19103F-16F7-4668-BE54-9A1E7A4F7556}") = "Gabriel.Cat.S.Utilitats", "..\Gabriel.Cat.S.Utilitats\Gabriel.Cat.S.Utilitats\Gabriel.Cat.S.Utilitats.csproj", "{F1803A50-33D2-434E-AF23-3AFAC0090D42}"
EndProject
Global
	GlobalSection(SolutionConfigurationPlatforms) = preSolution
		Debug|Any CPU = Debug|Any CPU
		Release|Any CPU = Release|Any CPU
	EndGlobalSection
	GlobalSection(ProjectConfigurationPlatforms) = postSolution
		{AD860425-7318-4AC8-B551-456C2461AF3E}.Debug|Any CPU.ActiveCfg = Debug|Any CPU
		{AD860425-7318-4AC8-B551-456C2461AF3E}.Debug|Any CPU.Build.0 = Debug|Any CPU
		{AD860425-7318-4AC8-B551-456C2461AF3E}.Release|Any CPU.ActiveCfg = Release|Any CPU
		{AD860425-7318-4AC8-B551-456C2461AF3E}.Release|Any CPU.Build.0 = Release|Any CPU
		{972961E1-C237-44C9-849C-596E9238B83F}.Debug|Any CPU.ActiveCfg = Debug|Any CPU
		{972961E1-C237-44C9-849C-596E9238B83F}.Debug|Any CPU.Build.0 = Debug|Any CPU
		{972961E1-C237-44C9-849C-596E9238B83F}.Release|Any CPU.ActiveCfg = Release|Any CPU
		{972961E1-C237-44C9-849C-596E9238B83F}.Release|Any CPU.Build.0 = Release|Any CPU
		{364713EB-FC1A-4950-80B5-B986035D9C34}.Debug|Any CPU.ActiveCfg = Debug|Any CPU
		{364713EB-FC1A-4950-80B5-B986035D9C34}.Debug|Any CPU.Build.0 = Debug|Any CPU
		{364713EB-FC1A-4950-80B5-B986035D9C34}.Release|Any CPU.ActiveCfg = Release|Any CPU
		{364713EB-FC1A-4950-80B5-B986035D9C34}.Release|Any CPU.Build.0 = Release|Any CPU
		{F1803A50-33D2-434E-AF23-3AFAC0090D42}.Debug|Any CPU.ActiveCfg = Debug|Any CPU
		{F1803A50-33D2-434E-AF23-3AFAC0090D42}.Debug|Any CPU.Build.0 = Debug|Any CPU
		{F1803A50-33D2-434E-AF23-3AFAC0090D42}.Release|Any CPU.ActiveCfg = Release|Any CPU
		{F1803A50-33D2-434E-AF23-3AFAC0090D42}.Release|Any CPU.Build.0 = Release|Any CPU
	EndGlobalSection
	GlobalSection(SolutionProperties) = preSolution
		HideSolutionNode = FALSE
	EndGlobalSection
	GlobalSection(ExtensibilityGlobals) = postSolution
		SolutionGuid = {2009FC43-A4D0-4F8A-B307-F1F0153DAA2C}
	EndGlobalSection
EndGlobal
